# THIS IS AN AUTOGENERATED FILE. DO NOT EDIT THIS FILE DIRECTLY.
# yarn lockfile v1


"@cspell/cspell-bundled-dicts@^5.13.1":
  version "5.13.1"
  resolved "https://registry.yarnpkg.com/@cspell/cspell-bundled-dicts/-/cspell-bundled-dicts-5.13.1.tgz#218b0ef3225a9c813885de3a5af91caec24fefc1"
  integrity sha512-KFUbcXQvpEjE3IMmxiTnuF/OtRHpPs0u9z3wUqvpTYu+rNXz7KjLXj+u55YF+Pq2sTDpjGXbjJ2Cwv2XMnhQeQ==
  dependencies:
    "@cspell/dict-ada" "^1.1.2"
    "@cspell/dict-aws" "^1.0.14"
    "@cspell/dict-bash" "^1.0.17"
    "@cspell/dict-companies" "^2.0.2"
    "@cspell/dict-cpp" "^1.1.40"
    "@cspell/dict-cryptocurrencies" "^1.0.10"
    "@cspell/dict-csharp" "^2.0.1"
    "@cspell/dict-css" "^1.0.12"
    "@cspell/dict-django" "^1.0.26"
    "@cspell/dict-dotnet" "^1.0.32"
    "@cspell/dict-elixir" "^1.0.26"
    "@cspell/dict-en-gb" "^1.1.33"
    "@cspell/dict-en_us" "^2.1.4"
    "@cspell/dict-filetypes" "^2.0.1"
    "@cspell/dict-fonts" "^1.0.14"
    "@cspell/dict-fullstack" "^2.0.4"
    "@cspell/dict-golang" "^1.1.24"
    "@cspell/dict-haskell" "^1.0.13"
    "@cspell/dict-html" "^1.1.9"
    "@cspell/dict-html-symbol-entities" "^1.0.23"
    "@cspell/dict-java" "^1.0.23"
    "@cspell/dict-latex" "^1.0.25"
    "@cspell/dict-lorem-ipsum" "^1.0.22"
    "@cspell/dict-lua" "^1.0.16"
    "@cspell/dict-node" "^1.0.12"
    "@cspell/dict-npm" "^1.0.16"
    "@cspell/dict-php" "^1.0.25"
    "@cspell/dict-powershell" "^1.0.19"
    "@cspell/dict-public-licenses" "^1.0.4"
    "@cspell/dict-python" "^2.0.5"
    "@cspell/dict-ruby" "^1.0.15"
    "@cspell/dict-rust" "^1.0.23"
    "@cspell/dict-scala" "^1.0.21"
    "@cspell/dict-software-terms" "^2.0.11"
    "@cspell/dict-swift" "^1.0.1"
    "@cspell/dict-typescript" "^1.0.19"
    "@cspell/dict-vue" "^2.0.1"

"@cspell/dict-ada@^1.1.2":
  version "1.1.2"
  resolved "https://registry.yarnpkg.com/@cspell/dict-ada/-/dict-ada-1.1.2.tgz#89556226c1d5f856ce1f7afa85543b04fa477092"
  integrity sha512-UDrcYcKIVyXDz5mInJabRNQpJoehjBFvja5W+GQyu9pGcx3BS3cAU8mWENstGR0Qc/iFTxB010qwF8F3cHA/aA==

"@cspell/dict-aws@^1.0.14":
  version "1.0.14"
  resolved "https://registry.yarnpkg.com/@cspell/dict-aws/-/dict-aws-1.0.14.tgz#beddede1053ce3622400e36c65da9fd2954e939d"
  integrity sha512-K21CfB4ZpKYwwDQiPfic2zJA/uxkbsd4IQGejEvDAhE3z8wBs6g6BwwqdVO767M9NgZqc021yAVpr79N5pWe3w==

"@cspell/dict-bash@^1.0.17":
  version "1.0.17"
  resolved "https://registry.yarnpkg.com/@cspell/dict-bash/-/dict-bash-1.0.17.tgz#5e10e8e276e646f8e77fd3d117b49d25b83d52ab"
  integrity sha512-BlX+pnDlLmIf776C9d71QjXl4NOIz+yloeixx1ZZjrwvKPLF+ffE/Ez13eV+D9R2Ps1rW10UvW8u3Hbmwme+Fw==

"@cspell/dict-companies@^2.0.2":
  version "2.0.2"
  resolved "https://registry.yarnpkg.com/@cspell/dict-companies/-/dict-companies-2.0.2.tgz#de315b8315b868f877e6161f9fe70e8efc769931"
  integrity sha512-LPKwBMAWRz+p1R8q+TV6E1sGOOTvxJOaJeXNN++CZQ7i6JMn5Rf+BSxagwkeK6z3o9vIC5ZE4AcQ5BMkvyjqGw==

"@cspell/dict-cpp@^1.1.40":
  version "1.1.40"
  resolved "https://registry.yarnpkg.com/@cspell/dict-cpp/-/dict-cpp-1.1.40.tgz#f9a859e19d31b83f07a106e4c3c8720a2d93595b"
  integrity sha512-sscfB3woNDNj60/yGXAdwNtIRWZ89y35xnIaJVDMk5TPMMpaDvuk0a34iOPIq0g4V+Y8e3RyAg71SH6ADwSjGw==

"@cspell/dict-cryptocurrencies@^1.0.10":
  version "1.0.10"
  resolved "https://registry.yarnpkg.com/@cspell/dict-cryptocurrencies/-/dict-cryptocurrencies-1.0.10.tgz#04426fdfee8752818b375686d34a154b2fb40c7d"
  integrity sha512-47ABvDJOkaST/rXipNMfNvneHUzASvmL6K/CbOFpYKfsd0x23Jc9k1yaOC7JAm82XSC/8a7+3Yu+Fk2jVJNnsA==

"@cspell/dict-csharp@^2.0.1":
  version "2.0.1"
  resolved "https://registry.yarnpkg.com/@cspell/dict-csharp/-/dict-csharp-2.0.1.tgz#86ec4fa42ba9a4cc57df28ec7a335b56bf751c5b"
  integrity sha512-ZzAr+WRP2FUtXHZtfhe8f3j9vPjH+5i44Hcr5JqbWxmqciGoTbWBPQXwu9y+J4mbdC69HSWRrVGkNJ8rQk8pSw==

"@cspell/dict-css@^1.0.12":
  version "1.0.12"
  resolved "https://registry.yarnpkg.com/@cspell/dict-css/-/dict-css-1.0.12.tgz#ec01cec102c8b128aad5e29c97dfb7a982887e12"
  integrity sha512-K6yuxej7n454O7dwKG6lHacHrAOMZ0PhMEbmV6qH2JH0U4TtWXfBASYugHvXZCDDx1UObpiJP+3tQJiBqfGpHA==

"@cspell/dict-django@^1.0.26":
  version "1.0.26"
  resolved "https://registry.yarnpkg.com/@cspell/dict-django/-/dict-django-1.0.26.tgz#b97ce0112fbe8c3c3ada0387c68971b5e27483ab"
  integrity sha512-mn9bd7Et1L2zuibc08GVHTiD2Go3/hdjyX5KLukXDklBkq06r+tb0OtKtf1zKodtFDTIaYekGADhNhA6AnKLkg==

"@cspell/dict-dotnet@^1.0.32":
  version "1.0.32"
  resolved "https://registry.yarnpkg.com/@cspell/dict-dotnet/-/dict-dotnet-1.0.32.tgz#412af0bf1f65c5902c8ef8a4f1decae2892790e2"
  integrity sha512-9H9vXrgJB4KF8xsyTToXO53cXD33iyfrpT4mhCds+YLUw3P3x3E9myszgJzshnrxYBvQZ+QMII57Qr6SjZVk4Q==

"@cspell/dict-elixir@^1.0.26":
  version "1.0.26"
  resolved "https://registry.yarnpkg.com/@cspell/dict-elixir/-/dict-elixir-1.0.26.tgz#dd86697b351a9c74a7d033b6f2d37a5088587aa6"
  integrity sha512-hz1yETUiRJM7yjN3mITSnxcmZaEyaBbyJhpZPpg+cKUil+xhHeZ2wwfbRc83QHGmlqEuDWbdCFqKSpCDJYpYhg==

"@cspell/dict-en-gb@^1.1.33":
  version "1.1.33"
  resolved "https://registry.yarnpkg.com/@cspell/dict-en-gb/-/dict-en-gb-1.1.33.tgz#7f1fd90fc364a5cb77111b5438fc9fcf9cc6da0e"
  integrity sha512-tKSSUf9BJEV+GJQAYGw5e+ouhEe2ZXE620S7BLKe3ZmpnjlNG9JqlnaBhkIMxKnNFkLY2BP/EARzw31AZnOv4g==

"@cspell/dict-en_us@^2.1.4":
  version "2.1.4"
  resolved "https://registry.yarnpkg.com/@cspell/dict-en_us/-/dict-en_us-2.1.4.tgz#be68ed8601dd84d41a40a1fee23b521d3b60e688"
  integrity sha512-W4b+aIvZ637FqtTmrTe/T9i9748cuTQf82eWUgV9O296WzZj7rCxm+rzOrmRTAcCmU+9+6Cdsr0unETFQfuxww==

"@cspell/dict-filetypes@^2.0.1":
  version "2.0.1"
  resolved "https://registry.yarnpkg.com/@cspell/dict-filetypes/-/dict-filetypes-2.0.1.tgz#a77467dad8fee31c28d623f85a15ce6fca3e2fdc"
  integrity sha512-bQ7K3U/3hKO2lpQjObf0veNP/n50qk5CVezSwApMBckf/sAVvDTR1RGAvYdr+vdQnkdQrk6wYmhbshXi0sLDVg==

"@cspell/dict-fonts@^1.0.14":
  version "1.0.14"
  resolved "https://registry.yarnpkg.com/@cspell/dict-fonts/-/dict-fonts-1.0.14.tgz#7b18129910d30bd23cd9187d0c0009dfc3fef4ba"
  integrity sha512-VhIX+FVYAnqQrOuoFEtya6+H72J82cIicz9QddgknsTqZQ3dvgp6lmVnsQXPM3EnzA8n1peTGpLDwHzT7ociLA==

"@cspell/dict-fullstack@^2.0.4":
  version "2.0.4"
  resolved "https://registry.yarnpkg.com/@cspell/dict-fullstack/-/dict-fullstack-2.0.4.tgz#d7d1c80863d9fd9bda51346edcc5a72de2cf81b4"
  integrity sha512-+JtYO58QAXnetRN+MGVzI8YbkbFTLpYfl/Cw/tmNqy7U1IDVC4sTXQ2pZvbbeKQWFHBqYvBs0YASV+mTouXYBw==

"@cspell/dict-golang@^1.1.24":
  version "1.1.24"
  resolved "https://registry.yarnpkg.com/@cspell/dict-golang/-/dict-golang-1.1.24.tgz#3830812aec816eca46a6d793fcc7710c09d4f5b9"
  integrity sha512-qq3Cjnx2U1jpeWAGJL1GL0ylEhUMqyaR36Xij6Y6Aq4bViCRp+HRRqk0x5/IHHbOrti45h3yy7ii1itRFo+Xkg==

"@cspell/dict-haskell@^1.0.13":
  version "1.0.13"
  resolved "https://registry.yarnpkg.com/@cspell/dict-haskell/-/dict-haskell-1.0.13.tgz#bd159ef474ef427757dd4bc6a66cda977946c927"
  integrity sha512-kvl8T84cnYRPpND/P3D86P6WRSqebsbk0FnMfy27zo15L5MLAb3d3MOiT1kW3vEWfQgzUD7uddX/vUiuroQ8TA==

"@cspell/dict-html-symbol-entities@^1.0.23":
  version "1.0.23"
  resolved "https://registry.yarnpkg.com/@cspell/dict-html-symbol-entities/-/dict-html-symbol-entities-1.0.23.tgz#0efbdbc7712c9fbe545e14acac637226ac948f2d"
  integrity sha512-PV0UBgcBFbBLf/m1wfkVMM8w96kvfHoiCGLWO6BR3Q9v70IXoE4ae0+T+f0CkxcEkacMqEQk/I7vuE9MzrjaNw==

"@cspell/dict-html@^1.1.9":
  version "1.1.9"
  resolved "https://registry.yarnpkg.com/@cspell/dict-html/-/dict-html-1.1.9.tgz#e506ca550ffcdad820ba0aa157a48be869f23bf2"
  integrity sha512-vvnYia0tyIS5Fdoz+gEQm77MGZZE66kOJjuNpIYyRHCXFAhWdYz3SmkRm6YKJSWSvuO+WBJYTKDvkOxSh3Fx/w==

"@cspell/dict-java@^1.0.23":
  version "1.0.23"
  resolved "https://registry.yarnpkg.com/@cspell/dict-java/-/dict-java-1.0.23.tgz#ec95ff2f2c34d5e8e08ba817980b37e387e608cb"
  integrity sha512-LcOg9srYLDoNGd8n3kbfDBlZD+LOC9IVcnFCdua1b/luCHNVmlgBx7e677qPu7olpMYOD5TQIVW2OmM1+/6MFA==

"@cspell/dict-latex@^1.0.25":
  version "1.0.25"
  resolved "https://registry.yarnpkg.com/@cspell/dict-latex/-/dict-latex-1.0.25.tgz#6ecf5b8b8fdf46cb8a0f070052dd687e25089e59"
  integrity sha512-cEgg91Migqcp1SdVV7dUeMxbPDhxdNo6Fgq2eygAXQjIOFK520FFvh/qxyBvW90qdZbIRoU2AJpchyHfGuwZFA==

"@cspell/dict-lorem-ipsum@^1.0.22":
  version "1.0.22"
  resolved "https://registry.yarnpkg.com/@cspell/dict-lorem-ipsum/-/dict-lorem-ipsum-1.0.22.tgz#a89f53dadda7d5bfdb978ab61f19d74d2fb69eab"
  integrity sha512-yqzspR+2ADeAGUxLTfZ4pXvPl7FmkENMRcGDECmddkOiuEwBCWMZdMP5fng9B0Q6j91hQ8w9CLvJKBz10TqNYg==

"@cspell/dict-lua@^1.0.16":
  version "1.0.16"
  resolved "https://registry.yarnpkg.com/@cspell/dict-lua/-/dict-lua-1.0.16.tgz#c0ca43628f8927fc10731fd27cd9ee0af651bf6a"
  integrity sha512-YiHDt8kmHJ8nSBy0tHzaxiuitYp+oJ66ffCYuFWTNB3//Y0SI4OGHU3omLsQVeXIfCeVrO4DrVvRDoCls9B5zQ==

"@cspell/dict-node@^1.0.12":
  version "1.0.12"
  resolved "https://registry.yarnpkg.com/@cspell/dict-node/-/dict-node-1.0.12.tgz#a7236be30340ff8fe365f62c8d13121fdbe7f51c"
  integrity sha512-RPNn/7CSkflAWk0sbSoOkg0ORrgBARUjOW3QjB11KwV1gSu8f5W/ij/S50uIXtlrfoBLqd4OyE04jyON+g/Xfg==

"@cspell/dict-npm@^1.0.16":
  version "1.0.16"
  resolved "https://registry.yarnpkg.com/@cspell/dict-npm/-/dict-npm-1.0.16.tgz#86870686cd0af6354a206ab297872db1d84e9c1b"
  integrity sha512-RwkuZGcYBxL3Yux3cSG/IOWGlQ1e9HLCpHeyMtTVGYKAIkFAVUnGrz20l16/Q7zUG7IEktBz5O42kAozrEnqMQ==

"@cspell/dict-php@^1.0.25":
  version "1.0.25"
  resolved "https://registry.yarnpkg.com/@cspell/dict-php/-/dict-php-1.0.25.tgz#b065314c43b668b982356de59986e10fc26bc390"
  integrity sha512-RoBIP5MRdByyPaXcznZMfOY1JdCMYPPLua5E9gkq0TJO7bX5mC9hyAKfYBSWVQunZydd82HZixjb5MPkDFU1uw==

"@cspell/dict-powershell@^1.0.19":
  version "1.0.19"
  resolved "https://registry.yarnpkg.com/@cspell/dict-powershell/-/dict-powershell-1.0.19.tgz#b50d14b3b20e33f86b80318ccd7ef986ecba2549"
  integrity sha512-zF/raM/lkhXeHf4I43OtK0gP9rBeEJFArscTVwLWOCIvNk21MJcNoTYoaGw+c056+Q+hJL0psGLO7QN+mxYH1A==

"@cspell/dict-public-licenses@^1.0.4":
  version "1.0.4"
  resolved "https://registry.yarnpkg.com/@cspell/dict-public-licenses/-/dict-public-licenses-1.0.4.tgz#13c2af357e7139bf3896eba58e0feb9f51053b3f"
  integrity sha512-h4xULfVEDUeWyvp1OO19pcGDqWcBEQ7WGMp3QBHyYpjsamlzsyYYjCRSY2ZvpM7wruDmywSRFmRHJ/+uNFT7nA==

"@cspell/dict-python@^2.0.5":
  version "2.0.5"
  resolved "https://registry.yarnpkg.com/@cspell/dict-python/-/dict-python-2.0.5.tgz#eebe6f53a8b5f29addd963951a701a7afedfe6b0"
  integrity sha512-WkyGYtNmUsOHsWixck7AxNvveDgVPqw0H51hzIY+/5u3c94wZUweIj0vfFOGIfOBq8e1ZxpjumKBxVDGXTmQkw==

"@cspell/dict-ruby@^1.0.15":
  version "1.0.15"
  resolved "https://registry.yarnpkg.com/@cspell/dict-ruby/-/dict-ruby-1.0.15.tgz#5da9f54d97deed31cc35772502282b45b20e7aa7"
  integrity sha512-I76hJA///lc1pgmDTGUFHN/O8KLIZIU/8TgIYIGI6Ix/YzSEvWNdQYbANn6JbCynS0X+7IbZ2Ft+QqvmGtIWuA==

"@cspell/dict-rust@^1.0.23":
  version "1.0.23"
  resolved "https://registry.yarnpkg.com/@cspell/dict-rust/-/dict-rust-1.0.23.tgz#bcef79f74932d90a07f86efa11a8696788079ad8"
  integrity sha512-lR4boDzs79YD6+30mmiSGAMMdwh7HTBAPUFSB0obR3Kidibfc3GZ+MHWZXay5dxZ4nBKM06vyjtanF9VJ8q1Iw==

"@cspell/dict-scala@^1.0.21":
  version "1.0.21"
  resolved "https://registry.yarnpkg.com/@cspell/dict-scala/-/dict-scala-1.0.21.tgz#bfda392329061e2352fbcd33d228617742c93831"
  integrity sha512-5V/R7PRbbminTpPS3ywgdAalI9BHzcEjEj9ug4kWYvBIGwSnS7T6QCFCiu+e9LvEGUqQC+NHgLY4zs1NaBj2vA==

"@cspell/dict-software-terms@^2.0.11":
  version "2.0.11"
  resolved "https://registry.yarnpkg.com/@cspell/dict-software-terms/-/dict-software-terms-2.0.11.tgz#ab30766465e4c5ad8c0179961138456f2eab61b7"
  integrity sha512-ix5k4m9Y5ZcozgE8QdEhiMIksreGozBETsCo5tGKAs4xDDkS4G07lOMFbek6m5poJ5qk5My0A/iz1j9f3L3aOg==

"@cspell/dict-swift@^1.0.1":
  version "1.0.1"
  resolved "https://registry.yarnpkg.com/@cspell/dict-swift/-/dict-swift-1.0.1.tgz#e289680bf79538096eb7c36b21aeb97e97fdd9fc"
  integrity sha512-M4onLt10Ptld8Q1BwBit8BBYVZ0d2ZEiBTW1AXekIVPQkPKkwa/RkGlR0GESWNTC2Zbmt/qge7trksVdaYVWFQ==

"@cspell/dict-typescript@^1.0.19":
  version "1.0.19"
  resolved "https://registry.yarnpkg.com/@cspell/dict-typescript/-/dict-typescript-1.0.19.tgz#44f3ad1c93ffc89ebf98fa6964e1634e6612fc30"
  integrity sha512-qmJApzoVskDeJnLZzZMaafEDGbEg5Elt4c3Mpg49SWzIHm1N4VXCp5CcFfHsOinJ30dGrs3ARAJGJZIw56kK6A==

"@cspell/dict-vue@^2.0.1":
  version "2.0.1"
  resolved "https://registry.yarnpkg.com/@cspell/dict-vue/-/dict-vue-2.0.1.tgz#7514875f760ae755d2a6ef1fd00917d107682fe1"
  integrity sha512-n9So2C2Zw+uSDRzb2h9wq3PjZBqoHx+vBvu6a34H2qpumNjZ6HaEronrzX5tXJJXzOtocIQYrLxdd128TAU3+g==

dictionary-de@^2.0.4:
  version "2.0.4"
  resolved "https://registry.yarnpkg.com/dictionary-de/-/dictionary-de-2.0.4.tgz#854134aee36c591d0985e368176746182f1837e5"
  integrity sha512-TOTvLM7k4wJt3cgus1Ziuiqo5Tx0i+VEmXVDCDxsxHhRdSCnAQFonTx8/YlfGI+AQQIyMJhXfMnceKD56dZrMQ==

dictionary-en-gb@^2.3.0:
  version "2.3.0"
  resolved "https://registry.yarnpkg.com/dictionary-en-gb/-/dictionary-en-gb-2.3.0.tgz#f6aa1948350615507e39a4c3cae950caa681df52"
  integrity sha512-P/J2VQp/hDsMTfJhmIYPUBxZqezWuDaUzSgb6oW7JLpUV2So9jCXbR5TaUYXwfO50ZXPYEzQqQHPQK3pKcs7Rg==

dictionary-en@^3.1.0:
  version "3.1.0"
  resolved "https://registry.yarnpkg.com/dictionary-en/-/dictionary-en-3.1.0.tgz#2883598f02c9ccfb8acf7aa513797b50eeec77d2"
  integrity sha512-dNjhoQagh7GX3YUBdbzehy/+wR2GLhkdpkxF8wMEGIXxMrH6aqzMn/8CHP5xnF85qbv288gCt4XtPQEVCOmTeA==

dictionary-es@^3.1.0:
  version "3.1.0"
  resolved "https://registry.yarnpkg.com/dictionary-es/-/dictionary-es-3.1.0.tgz#feddb790daea58a5ae4667f1fac663bb165c72d3"
  integrity sha512-zUZ06ADfa/G/znQbGhz8juUPJQRxCYOTbeW7z06+4dsyGe4vbnrLY3zXCapEzqg0NXpVmliSTdPZ8SY8U8iMXA==

dictionary-fr@^2.6.0:
  version "2.6.0"
  resolved "https://registry.yarnpkg.com/dictionary-fr/-/dictionary-fr-2.6.0.tgz#be3a232daf88837ac50d6a0808420b9515b2c903"
  integrity sha512-JgD3jqbP/kqypvdHUPd7hyIO93ymPH07iJwLyzPM8zpMuS6B5CbLtL3D0eXGVb17pRVq+j3za9+/znGXkkXG2g==

dictionary-it@^1.3.3:
  version "1.3.3"
  resolved "https://registry.yarnpkg.com/dictionary-it/-/dictionary-it-1.3.3.tgz#45b1788fe015cbfdc04c6255745d73725fd4905a"
  integrity sha512-hGpvCRhbHpqkYRZJx6VapB3G20EsbY87KX8xhU4E9SaPxYhIzYHnYD22826hU0JSh2OAHuvSlkwCxsnI2PFO6g==

dictionary-nl@^1.4.0:
  version "1.4.0"
  resolved "https://registry.yarnpkg.com/dictionary-nl/-/dictionary-nl-1.4.0.tgz#80cf84da1c3a65f605e424f0951c3f988fff5260"
  integrity sha512-JSaHXU0aAb9QZqdp6p4q0QSlbzl9pbRuZtBNHjBwGf4brKzRzyiae6/SKh2M4UG/sF2UZ/qnN056zJbDcFJqtA==

dictionary-pt@^2.0.1:
  version "2.0.1"
  resolved "https://registry.yarnpkg.com/dictionary-pt/-/dictionary-pt-2.0.1.tgz#db712c4e41a8b7f224dab7026dcaf1d3ef0bc174"
  integrity sha512-DmZ2mF6aF/523yKkethhA3gpQ9Kwp8/dv6H1/naWvxzjV1Csf5k3tHYTskQihWPpf+sYF5Z3rcl2waRi+aWbOg==

dictionary-tr@^1.3.4:
  version "1.3.4"
  resolved "https://registry.yarnpkg.com/dictionary-tr/-/dictionary-tr-1.3.4.tgz#fdc5963b388ea5a8e41eb5c8e39627c11d2544bb"
  integrity sha512-WcDWKhqgedsKG++2P9PnhFqdc6iYwUVKEGZP7AsfdBGSR+pCQYHF2Rh5b7+lF2EaCxik8zMPiqDwtUk9CeF1jw==
