# THIS IS AN AUTOGENERATED FILE. DO NOT EDIT THIS FILE DIRECTLY.
# yarn lockfile v1


dictionary-de@^2.0.3:
  version "2.0.4"
  resolved "https://registry.yarnpkg.com/dictionary-de/-/dictionary-de-2.0.4.tgz#854134aee36c591d0985e368176746182f1837e5"
  integrity sha512-TOTvLM7k4wJt3cgus1Ziuiqo5Tx0i+VEmXVDCDxsxHhRdSCnAQFonTx8/YlfGI+AQQIyMJhXfMnceKD56dZrMQ==

dictionary-en-gb@^2.3.0:
  version "2.3.0"
  resolved "https://registry.yarnpkg.com/dictionary-en-gb/-/dictionary-en-gb-2.3.0.tgz#f6aa1948350615507e39a4c3cae950caa681df52"
  integrity sha512-P/J2VQp/hDsMTfJhmIYPUBxZqezWuDaUzSgb6oW7JLpUV2So9jCXbR5TaUYXwfO50ZXPYEzQqQHPQK3pKcs7Rg==

dictionary-en@^3.0.1:
  version "3.0.1"
  resolved "https://registry.yarnpkg.com/dictionary-en/-/dictionary-en-3.0.1.tgz#bebcd9efcd7e2adf45470eb8cded9ea6010ad45e"
  integrity sha512-IMVLlTXYGlKwmzTMvRzLDx/BCl9Tq3l56xY7URaH4eZMIufl7myaaXJJyTH6qdjXOxKMOkzE2t3rp3Ql7QciBA==

dictionary-es@^3.0.1:
  version "3.0.1"
  resolved "https://registry.yarnpkg.com/dictionary-es/-/dictionary-es-3.0.1.tgz#38a1d72732ab1d3ecadab94241b041b09b2d9d3d"
  integrity sha512-3fVNS9Y8h2RTreELq2Sq33Ue/eATiJHG/C2CIcXyCxU0BCCW57s1dNLwGH5SGJUDmnPrNNluZWqAKmGcUZgYbQ==

dictionary-fr@^2.4.1:
  version "2.5.1"
  resolved "https://registry.yarnpkg.com/dictionary-fr/-/dictionary-fr-2.5.1.tgz#c91db15820664ed213f25f49e2d370012ff31ca0"
  integrity sha512-+qxBM3HeRuY8XkIYDnn+Av9Wk0WM8jVFedYuw9EpPGBAU33tntLTtzxbJd6QEipJbj+Dbnb6b3dMw8tAWpx4eg==

dictionary-it@^1.3.2:
  version "1.3.3"
  resolved "https://registry.yarnpkg.com/dictionary-it/-/dictionary-it-1.3.3.tgz#45b1788fe015cbfdc04c6255745d73725fd4905a"
  integrity sha512-hGpvCRhbHpqkYRZJx6VapB3G20EsbY87KX8xhU4E9SaPxYhIzYHnYD22826hU0JSh2OAHuvSlkwCxsnI2PFO6g==

dictionary-pt@^2.0.0:
  version "2.0.1"
  resolved "https://registry.yarnpkg.com/dictionary-pt/-/dictionary-pt-2.0.1.tgz#db712c4e41a8b7f224dab7026dcaf1d3ef0bc174"
  integrity sha512-DmZ2mF6aF/523yKkethhA3gpQ9Kwp8/dv6H1/naWvxzjV1Csf5k3tHYTskQihWPpf+sYF5Z3rcl2waRi+aWbOg==

dictionary-tr@^1.3.4:
  version "1.3.4"
  resolved "https://registry.yarnpkg.com/dictionary-tr/-/dictionary-tr-1.3.4.tgz#fdc5963b388ea5a8e41eb5c8e39627c11d2544bb"
  integrity sha512-WcDWKhqgedsKG++2P9PnhFqdc6iYwUVKEGZP7AsfdBGSR+pCQYHF2Rh5b7+lF2EaCxik8zMPiqDwtUk9CeF1jw==
